// !$*UTF8*$!
{
	archiveVersion = 1;
	classes = {
	};
	objectVersion = 55;
	objects = {

/* Begin PBXBuildFile section */
		780C30422802E4A600250B5D /* AppDelegate.swift in Sources */ = {isa = PBXBuildFile; fileRef = 780C30412802E4A600250B5D /* AppDelegate.swift */; };
		780C30442802E4A600250B5D /* SceneDelegate.swift in Sources */ = {isa = PBXBuildFile; fileRef = 780C30432802E4A600250B5D /* SceneDelegate.swift */; };
		780C304B2802E4A800250B5D /* Assets.xcassets in Resources */ = {isa = PBXBuildFile; fileRef = 780C304A2802E4A800250B5D /* Assets.xcassets */; };
		780C304E2802E4A800250B5D /* LaunchScreen.storyboard in Resources */ = {isa = PBXBuildFile; fileRef = 780C304C2802E4A800250B5D /* LaunchScreen.storyboard */; };
		780C30562802E4C900250B5D /* Main.storyboard in Resources */ = {isa = PBXBuildFile; fileRef = 780C30552802E4C900250B5D /* Main.storyboard */; };
		780C305A2802E4E300250B5D /* NetworkManager.swift in Sources */ = {isa = PBXBuildFile; fileRef = 780C30582802E4E300250B5D /* NetworkManager.swift */; };
		780C305B2802E4E300250B5D /* UserDefaultsManager.swift in Sources */ = {isa = PBXBuildFile; fileRef = 780C30592802E4E300250B5D /* UserDefaultsManager.swift */; };
		780C30632802E4F000250B5D /* CourseListViewCell.swift in Sources */ = {isa = PBXBuildFile; fileRef = 780C30622802E4F000250B5D /* CourseListViewCell.swift */; };
		780C30662802E50B00250B5D /* Course.swift in Sources */ = {isa = PBXBuildFile; fileRef = 780C30652802E50B00250B5D /* Course.swift */; };
		780C30712802F37800250B5D /* CourseDetailsPresenter.swift in Sources */ = {isa = PBXBuildFile; fileRef = 780C306B2802F37800250B5D /* CourseDetailsPresenter.swift */; };
		780C30722802F37800250B5D /* CourseDetailsWorker.swift in Sources */ = {isa = PBXBuildFile; fileRef = 780C306C2802F37800250B5D /* CourseDetailsWorker.swift */; };
		780C30732802F37800250B5D /* CourseDetailsRouter.swift in Sources */ = {isa = PBXBuildFile; fileRef = 780C306D2802F37800250B5D /* CourseDetailsRouter.swift */; };
		780C30742802F37800250B5D /* CourseDetailsModels.swift in Sources */ = {isa = PBXBuildFile; fileRef = 780C306E2802F37800250B5D /* CourseDetailsModels.swift */; };
		780C30752802F37800250B5D /* CourseDetailsViewController.swift in Sources */ = {isa = PBXBuildFile; fileRef = 780C306F2802F37800250B5D /* CourseDetailsViewController.swift */; };
		780C30762802F37800250B5D /* CourseDetailsInteractor.swift in Sources */ = {isa = PBXBuildFile; fileRef = 780C30702802F37800250B5D /* CourseDetailsInteractor.swift */; };
		78491A90280487DF0042E0E5 /* CourseListPresenter.swift in Sources */ = {isa = PBXBuildFile; fileRef = 78491A8A280487DF0042E0E5 /* CourseListPresenter.swift */; };
		78491A91280487DF0042E0E5 /* CourseListWorker.swift in Sources */ = {isa = PBXBuildFile; fileRef = 78491A8B280487DF0042E0E5 /* CourseListWorker.swift */; };
		78491A92280487DF0042E0E5 /* CourseListRouter.swift in Sources */ = {isa = PBXBuildFile; fileRef = 78491A8C280487DF0042E0E5 /* CourseListRouter.swift */; };
		78491A93280487DF0042E0E5 /* CourseListModels.swift in Sources */ = {isa = PBXBuildFile; fileRef = 78491A8D280487DF0042E0E5 /* CourseListModels.swift */; };
		78491A94280487DF0042E0E5 /* CourseListViewController.swift in Sources */ = {isa = PBXBuildFile; fileRef = 78491A8E280487DF0042E0E5 /* CourseListViewController.swift */; };
		78491A95280487DF0042E0E5 /* CourseListInteractor.swift in Sources */ = {isa = PBXBuildFile; fileRef = 78491A8F280487DF0042E0E5 /* CourseListInteractor.swift */; };
		78491A97280489FE0042E0E5 /* CourseListConfigurator.swift in Sources */ = {isa = PBXBuildFile; fileRef = 78491A96280489FE0042E0E5 /* CourseListConfigurator.swift */; };
		78491A9A2804B98C0042E0E5 /* CourseDetailsConfigurator.swift in Sources */ = {isa = PBXBuildFile; fileRef = 78491A992804B98C0042E0E5 /* CourseDetailsConfigurator.swift */; };
/* End PBXBuildFile section */

/* Begin PBXFileReference section */
		780C303E2802E4A600250B5D /* AppCleanSwift.app */ = {isa = PBXFileReference; explicitFileType = wrapper.application; includeInIndex = 0; path = AppCleanSwift.app; sourceTree = BUILT_PRODUCTS_DIR; };
		780C30412802E4A600250B5D /* AppDelegate.swift */ = {isa = PBXFileReference; lastKnownFileType = sourcecode.swift; path = AppDelegate.swift; sourceTree = "<group>"; };
		780C30432802E4A600250B5D /* SceneDelegate.swift */ = {isa = PBXFileReference; lastKnownFileType = sourcecode.swift; path = SceneDelegate.swift; sourceTree = "<group>"; };
		780C304A2802E4A800250B5D /* Assets.xcassets */ = {isa = PBXFileReference; lastKnownFileType = folder.assetcatalog; path = Assets.xcassets; sourceTree = "<group>"; };
		780C304D2802E4A800250B5D /* Base */ = {isa = PBXFileReference; lastKnownFileType = file.storyboard; name = Base; path = Base.lproj/LaunchScreen.storyboard; sourceTree = "<group>"; };
		780C304F2802E4A800250B5D /* Info.plist */ = {isa = PBXFileReference; lastKnownFileType = text.plist.xml; path = Info.plist; sourceTree = "<group>"; };
		780C30552802E4C900250B5D /* Main.storyboard */ = {isa = PBXFileReference; fileEncoding = 4; lastKnownFileType = file.storyboard; path = Main.storyboard; sourceTree = "<group>"; };
		780C30582802E4E300250B5D /* NetworkManager.swift */ = {isa = PBXFileReference; fileEncoding = 4; lastKnownFileType = sourcecode.swift; path = NetworkManager.swift; sourceTree = "<group>"; };
		780C30592802E4E300250B5D /* UserDefaultsManager.swift */ = {isa = PBXFileReference; fileEncoding = 4; lastKnownFileType = sourcecode.swift; path = UserDefaultsManager.swift; sourceTree = "<group>"; };
		780C30622802E4F000250B5D /* CourseListViewCell.swift */ = {isa = PBXFileReference; fileEncoding = 4; lastKnownFileType = sourcecode.swift; path = CourseListViewCell.swift; sourceTree = "<group>"; };
		780C30652802E50B00250B5D /* Course.swift */ = {isa = PBXFileReference; fileEncoding = 4; lastKnownFileType = sourcecode.swift; path = Course.swift; sourceTree = "<group>"; };
		780C306B2802F37800250B5D /* CourseDetailsPresenter.swift */ = {isa = PBXFileReference; lastKnownFileType = sourcecode.swift; path = CourseDetailsPresenter.swift; sourceTree = "<group>"; };
		780C306C2802F37800250B5D /* CourseDetailsWorker.swift */ = {isa = PBXFileReference; lastKnownFileType = sourcecode.swift; path = CourseDetailsWorker.swift; sourceTree = "<group>"; };
		780C306D2802F37800250B5D /* CourseDetailsRouter.swift */ = {isa = PBXFileReference; lastKnownFileType = sourcecode.swift; path = CourseDetailsRouter.swift; sourceTree = "<group>"; };
		780C306E2802F37800250B5D /* CourseDetailsModels.swift */ = {isa = PBXFileReference; lastKnownFileType = sourcecode.swift; path = CourseDetailsModels.swift; sourceTree = "<group>"; };
		780C306F2802F37800250B5D /* CourseDetailsViewController.swift */ = {isa = PBXFileReference; lastKnownFileType = sourcecode.swift; path = CourseDetailsViewController.swift; sourceTree = "<group>"; };
		780C30702802F37800250B5D /* CourseDetailsInteractor.swift */ = {isa = PBXFileReference; lastKnownFileType = sourcecode.swift; path = CourseDetailsInteractor.swift; sourceTree = "<group>"; };
		78491A8A280487DF0042E0E5 /* CourseListPresenter.swift */ = {isa = PBXFileReference; lastKnownFileType = sourcecode.swift; path = CourseListPresenter.swift; sourceTree = "<group>"; };
		78491A8B280487DF0042E0E5 /* CourseListWorker.swift */ = {isa = PBXFileReference; lastKnownFileType = sourcecode.swift; path = CourseListWorker.swift; sourceTree = "<group>"; };
		78491A8C280487DF0042E0E5 /* CourseListRouter.swift */ = {isa = PBXFileReference; lastKnownFileType = sourcecode.swift; path = CourseListRouter.swift; sourceTree = "<group>"; };
		78491A8D280487DF0042E0E5 /* CourseListModels.swift */ = {isa = PBXFileReference; lastKnownFileType = sourcecode.swift; path = CourseListModels.swift; sourceTree = "<group>"; };
		78491A8E280487DF0042E0E5 /* CourseListViewController.swift */ = {isa = PBXFileReference; lastKnownFileType = sourcecode.swift; path = CourseListViewController.swift; sourceTree = "<group>"; };
		78491A8F280487DF0042E0E5 /* CourseListInteractor.swift */ = {isa = PBXFileReference; lastKnownFileType = sourcecode.swift; path = CourseListInteractor.swift; sourceTree = "<group>"; };
		78491A96280489FE0042E0E5 /* CourseListConfigurator.swift */ = {isa = PBXFileReference; lastKnownFileType = sourcecode.swift; path = CourseListConfigurator.swift; sourceTree = "<group>"; };
		78491A992804B98C0042E0E5 /* CourseDetailsConfigurator.swift */ = {isa = PBXFileReference; lastKnownFileType = sourcecode.swift; path = CourseDetailsConfigurator.swift; sourceTree = "<group>"; };
/* End PBXFileReference section */

/* Begin PBXFrameworksBuildPhase section */
		780C303B2802E4A600250B5D /* Frameworks */ = {
			isa = PBXFrameworksBuildPhase;
			buildActionMask = 2147483647;
			files = (
			);
			runOnlyForDeploymentPostprocessing = 0;
		};
/* End PBXFrameworksBuildPhase section */

/* Begin PBXGroup section */
		780C30352802E4A600250B5D = {
			isa = PBXGroup;
			children = (
				780C30402802E4A600250B5D /* AppCleanSwift */,
				780C303F2802E4A600250B5D /* Products */,
			);
			sourceTree = "<group>";
		};
		780C303F2802E4A600250B5D /* Products */ = {
			isa = PBXGroup;
			children = (
				780C303E2802E4A600250B5D /* AppCleanSwift.app */,
			);
			name = Products;
			sourceTree = "<group>";
		};
		780C30402802E4A600250B5D /* AppCleanSwift */ = {
			isa = PBXGroup;
			children = (
				78491A89280487BA0042E0E5 /* CourseList */,
				780C306A2802F35D00250B5D /* CourseDetails */,
				780C30642802E50B00250B5D /* Models */,
				780C30572802E4E300250B5D /* Services */,
				780C30672802E51C00250B5D /* Storyboards */,
				780C30682802E52B00250B5D /* Resources */,
				780C30692802E54B00250B5D /* App */,
			);
			path = AppCleanSwift;
			sourceTree = "<group>";
		};
		780C30572802E4E300250B5D /* Services */ = {
			isa = PBXGroup;
			children = (
				780C30582802E4E300250B5D /* NetworkManager.swift */,
				780C30592802E4E300250B5D /* UserDefaultsManager.swift */,
			);
			path = Services;
			sourceTree = "<group>";
		};
		780C30642802E50B00250B5D /* Models */ = {
			isa = PBXGroup;
			children = (
				780C30652802E50B00250B5D /* Course.swift */,
			);
			path = Models;
			sourceTree = "<group>";
		};
		780C30672802E51C00250B5D /* Storyboards */ = {
			isa = PBXGroup;
			children = (
				780C30552802E4C900250B5D /* Main.storyboard */,
				780C304C2802E4A800250B5D /* LaunchScreen.storyboard */,
			);
			path = Storyboards;
			sourceTree = "<group>";
		};
		780C30682802E52B00250B5D /* Resources */ = {
			isa = PBXGroup;
			children = (
				780C304A2802E4A800250B5D /* Assets.xcassets */,
			);
			path = Resources;
			sourceTree = "<group>";
		};
		780C30692802E54B00250B5D /* App */ = {
			isa = PBXGroup;
			children = (
				780C30412802E4A600250B5D /* AppDelegate.swift */,
				780C30432802E4A600250B5D /* SceneDelegate.swift */,
				780C304F2802E4A800250B5D /* Info.plist */,
			);
			path = App;
			sourceTree = "<group>";
		};
		780C306A2802F35D00250B5D /* CourseDetails */ = {
			isa = PBXGroup;
			children = (
				780C306F2802F37800250B5D /* CourseDetailsViewController.swift */,
				780C30702802F37800250B5D /* CourseDetailsInteractor.swift */,
				780C306B2802F37800250B5D /* CourseDetailsPresenter.swift */,
				780C306C2802F37800250B5D /* CourseDetailsWorker.swift */,
				780C306D2802F37800250B5D /* CourseDetailsRouter.swift */,
				780C306E2802F37800250B5D /* CourseDetailsModels.swift */,
				78491A992804B98C0042E0E5 /* CourseDetailsConfigurator.swift */,
			);
			path = CourseDetails;
			sourceTree = "<group>";
		};
		78491A89280487BA0042E0E5 /* CourseList */ = {
			isa = PBXGroup;
			children = (
				78491A8E280487DF0042E0E5 /* CourseListViewController.swift */,
				78491A8F280487DF0042E0E5 /* CourseListInteractor.swift */,
				78491A8A280487DF0042E0E5 /* CourseListPresenter.swift */,
				78491A8B280487DF0042E0E5 /* CourseListWorker.swift */,
				78491A8C280487DF0042E0E5 /* CourseListRouter.swift */,
				78491A8D280487DF0042E0E5 /* CourseListModels.swift */,
				78491A96280489FE0042E0E5 /* CourseListConfigurator.swift */,
				78491A9828048C4C0042E0E5 /* View */,
			);
			path = CourseList;
			sourceTree = "<group>";
		};
		78491A9828048C4C0042E0E5 /* View */ = {
			isa = PBXGroup;
			children = (
				780C30622802E4F000250B5D /* CourseListViewCell.swift */,
			);
			path = View;
			sourceTree = "<group>";
		};
/* End PBXGroup section */

/* Begin PBXNativeTarget section */
		780C303D2802E4A600250B5D /* AppCleanSwift */ = {
			isa = PBXNativeTarget;
			buildConfigurationList = 780C30522802E4A800250B5D /* Build configuration list for PBXNativeTarget "AppCleanSwift" */;
			buildPhases = (
				780C303A2802E4A600250B5D /* Sources */,
				780C303B2802E4A600250B5D /* Frameworks */,
				780C303C2802E4A600250B5D /* Resources */,
			);
			buildRules = (
			);
			dependencies = (
			);
			name = AppCleanSwift;
			productName = AppCleanSwift;
			productReference = 780C303E2802E4A600250B5D /* AppCleanSwift.app */;
			productType = "com.apple.product-type.application";
		};
/* End PBXNativeTarget section */

/* Begin PBXProject section */
		780C30362802E4A600250B5D /* Project object */ = {
			isa = PBXProject;
			attributes = {
				BuildIndependentTargetsInParallel = 1;
				LastSwiftUpdateCheck = 1330;
				LastUpgradeCheck = 1330;
				TargetAttributes = {
					780C303D2802E4A600250B5D = {
						CreatedOnToolsVersion = 13.3;
					};
				};
			};
			buildConfigurationList = 780C30392802E4A600250B5D /* Build configuration list for PBXProject "AppCleanSwift" */;
			compatibilityVersion = "Xcode 13.0";
			developmentRegion = en;
			hasScannedForEncodings = 0;
			knownRegions = (
				en,
				Base,
			);
			mainGroup = 780C30352802E4A600250B5D;
			productRefGroup = 780C303F2802E4A600250B5D /* Products */;
			projectDirPath = "";
			projectRoot = "";
			targets = (
				780C303D2802E4A600250B5D /* AppCleanSwift */,
			);
		};
/* End PBXProject section */

/* Begin PBXResourcesBuildPhase section */
		780C303C2802E4A600250B5D /* Resources */ = {
			isa = PBXResourcesBuildPhase;
			buildActionMask = 2147483647;
			files = (
				780C30562802E4C900250B5D /* Main.storyboard in Resources */,
				780C304E2802E4A800250B5D /* LaunchScreen.storyboard in Resources */,
				780C304B2802E4A800250B5D /* Assets.xcassets in Resources */,
			);
			runOnlyForDeploymentPostprocessing = 0;
		};
/* End PBXResourcesBuildPhase section */

/* Begin PBXSourcesBuildPhase section */
		780C303A2802E4A600250B5D /* Sources */ = {
			isa = PBXSourcesBuildPhase;
			buildActionMask = 2147483647;
			files = (
				780C30662802E50B00250B5D /* Course.swift in Sources */,
				78491A95280487DF0042E0E5 /* CourseListInteractor.swift in Sources */,
				780C305A2802E4E300250B5D /* NetworkManager.swift in Sources */,
				780C30752802F37800250B5D /* CourseDetailsViewController.swift in Sources */,
				78491A90280487DF0042E0E5 /* CourseListPresenter.swift in Sources */,
				78491A94280487DF0042E0E5 /* CourseListViewController.swift in Sources */,
				78491A92280487DF0042E0E5 /* CourseListRouter.swift in Sources */,
				780C30422802E4A600250B5D /* AppDelegate.swift in Sources */,
				780C30762802F37800250B5D /* CourseDetailsInteractor.swift in Sources */,
				780C30722802F37800250B5D /* CourseDetailsWorker.swift in Sources */,
				780C305B2802E4E300250B5D /* UserDefaultsManager.swift in Sources */,
				78491A91280487DF0042E0E5 /* CourseListWorker.swift in Sources */,
				780C30712802F37800250B5D /* CourseDetailsPresenter.swift in Sources */,
				780C30742802F37800250B5D /* CourseDetailsModels.swift in Sources */,
				780C30442802E4A600250B5D /* SceneDelegate.swift in Sources */,
				78491A97280489FE0042E0E5 /* CourseListConfigurator.swift in Sources */,
				780C30632802E4F000250B5D /* CourseListViewCell.swift in Sources */,
				78491A93280487DF0042E0E5 /* CourseListModels.swift in Sources */,
				780C30732802F37800250B5D /* CourseDetailsRouter.swift in Sources */,
				78491A9A2804B98C0042E0E5 /* CourseDetailsConfigurator.swift in Sources */,
			);
			runOnlyForDeploymentPostprocessing = 0;
		};
/* End PBXSourcesBuildPhase section */

/* Begin PBXVariantGroup section */
		780C304C2802E4A800250B5D /* LaunchScreen.storyboard */ = {
			isa = PBXVariantGroup;
			children = (
				780C304D2802E4A800250B5D /* Base */,
			);
			name = LaunchScreen.storyboard;
			sourceTree = "<group>";
		};
/* End PBXVariantGroup section */

/* Begin XCBuildConfiguration section */
		780C30502802E4A800250B5D /* Debug */ = {
			isa = XCBuildConfiguration;
			buildSettings = {
				ALWAYS_SEARCH_USER_PATHS = NO;
				CLANG_ANALYZER_NONNULL = YES;
				CLANG_ANALYZER_NUMBER_OBJECT_CONVERSION = YES_AGGRESSIVE;
				CLANG_CXX_LANGUAGE_STANDARD = "gnu++17";
				CLANG_ENABLE_MODULES = YES;
				CLANG_ENABLE_OBJC_ARC = YES;
				CLANG_ENABLE_OBJC_WEAK = YES;
				CLANG_WARN_BLOCK_CAPTURE_AUTORELEASING = YES;
				CLANG_WARN_BOOL_CONVERSION = YES;
				CLANG_WARN_COMMA = YES;
				CLANG_WARN_CONSTANT_CONVERSION = YES;
				CLANG_WARN_DEPRECATED_OBJC_IMPLEMENTATIONS = YES;
				CLANG_WARN_DIRECT_OBJC_ISA_USAGE = YES_ERROR;
				CLANG_WARN_DOCUMENTATION_COMMENTS = YES;
				CLANG_WARN_EMPTY_BODY = YES;
				CLANG_WARN_ENUM_CONVERSION = YES;
				CLANG_WARN_INFINITE_RECURSION = YES;
				CLANG_WARN_INT_CONVERSION = YES;
				CLANG_WARN_NON_LITERAL_NULL_CONVERSION = YES;
				CLANG_WARN_OBJC_IMPLICIT_RETAIN_SELF = YES;
				CLANG_WARN_OBJC_LITERAL_CONVERSION = YES;
				CLANG_WARN_OBJC_ROOT_CLASS = YES_ERROR;
				CLANG_WARN_QUOTED_INCLUDE_IN_FRAMEWORK_HEADER = YES;
				CLANG_WARN_RANGE_LOOP_ANALYSIS = YES;
				CLANG_WARN_STRICT_PROTOTYPES = YES;
				CLANG_WARN_SUSPICIOUS_MOVE = YES;
				CLANG_WARN_UNGUARDED_AVAILABILITY = YES_AGGRESSIVE;
				CLANG_WARN_UNREACHABLE_CODE = YES;
				CLANG_WARN__DUPLICATE_METHOD_MATCH = YES;
				COPY_PHASE_STRIP = NO;
				DEBUG_INFORMATION_FORMAT = dwarf;
				ENABLE_STRICT_OBJC_MSGSEND = YES;
				ENABLE_TESTABILITY = YES;
				GCC_C_LANGUAGE_STANDARD = gnu11;
				GCC_DYNAMIC_NO_PIC = NO;
				GCC_NO_COMMON_BLOCKS = YES;
				GCC_OPTIMIZATION_LEVEL = 0;
				GCC_PREPROCESSOR_DEFINITIONS = (
					"DEBUG=1",
					"$(inherited)",
				);
				GCC_WARN_64_TO_32_BIT_CONVERSION = YES;
				GCC_WARN_ABOUT_RETURN_TYPE = YES_ERROR;
				GCC_WARN_UNDECLARED_SELECTOR = YES;
				GCC_WARN_UNINITIALIZED_AUTOS = YES_AGGRESSIVE;
				GCC_WARN_UNUSED_FUNCTION = YES;
				GCC_WARN_UNUSED_VARIABLE = YES;
				IPHONEOS_DEPLOYMENT_TARGET = 15.4;
				MTL_ENABLE_DEBUG_INFO = INCLUDE_SOURCE;
				MTL_FAST_MATH = YES;
				ONLY_ACTIVE_ARCH = YES;
				SDKROOT = iphoneos;
				SWIFT_ACTIVE_COMPILATION_CONDITIONS = DEBUG;
				SWIFT_OPTIMIZATION_LEVEL = "-Onone";
			};
			name = Debug;
		};
		780C30512802E4A800250B5D /* Release */ = {
			isa = XCBuildConfiguration;
			buildSettings = {
				ALWAYS_SEARCH_USER_PATHS = NO;
				CLANG_ANALYZER_NONNULL = YES;
				CLANG_ANALYZER_NUMBER_OBJECT_CONVERSION = YES_AGGRESSIVE;
				CLANG_CXX_LANGUAGE_STANDARD = "gnu++17";
				CLANG_ENABLE_MODULES = YES;
				CLANG_ENABLE_OBJC_ARC = YES;
				CLANG_ENABLE_OBJC_WEAK = YES;
				CLANG_WARN_BLOCK_CAPTURE_AUTORELEASING = YES;
				CLANG_WARN_BOOL_CONVERSION = YES;
				CLANG_WARN_COMMA = YES;
				CLANG_WARN_CONSTANT_CONVERSION = YES;
				CLANG_WARN_DEPRECATED_OBJC_IMPLEMENTATIONS = YES;
				CLANG_WARN_DIRECT_OBJC_ISA_USAGE = YES_ERROR;
				CLANG_WARN_DOCUMENTATION_COMMENTS = YES;
				CLANG_WARN_EMPTY_BODY = YES;
				CLANG_WARN_ENUM_CONVERSION = YES;
				CLANG_WARN_INFINITE_RECURSION = YES;
				CLANG_WARN_INT_CONVERSION = YES;
				CLANG_WARN_NON_LITERAL_NULL_CONVERSION = YES;
				CLANG_WARN_OBJC_IMPLICIT_RETAIN_SELF = YES;
				CLANG_WARN_OBJC_LITERAL_CONVERSION = YES;
				CLANG_WARN_OBJC_ROOT_CLASS = YES_ERROR;
				CLANG_WARN_QUOTED_INCLUDE_IN_FRAMEWORK_HEADER = YES;
				CLANG_WARN_RANGE_LOOP_ANALYSIS = YES;
				CLANG_WARN_STRICT_PROTOTYPES = YES;
				CLANG_WARN_SUSPICIOUS_MOVE = YES;
				CLANG_WARN_UNGUARDED_AVAILABILITY = YES_AGGRESSIVE;
				CLANG_WARN_UNREACHABLE_CODE = YES;
				CLANG_WARN__DUPLICATE_METHOD_MATCH = YES;
				COPY_PHASE_STRIP = NO;
				DEBUG_INFORMATION_FORMAT = "dwarf-with-dsym";
				ENABLE_NS_ASSERTIONS = NO;
				ENABLE_STRICT_OBJC_MSGSEND = YES;
				GCC_C_LANGUAGE_STANDARD = gnu11;
				GCC_NO_COMMON_BLOCKS = YES;
				GCC_WARN_64_TO_32_BIT_CONVERSION = YES;
				GCC_WARN_ABOUT_RETURN_TYPE = YES_ERROR;
				GCC_WARN_UNDECLARED_SELECTOR = YES;
				GCC_WARN_UNINITIALIZED_AUTOS = YES_AGGRESSIVE;
				GCC_WARN_UNUSED_FUNCTION = YES;
				GCC_WARN_UNUSED_VARIABLE = YES;
				IPHONEOS_DEPLOYMENT_TARGET = 15.4;
				MTL_ENABLE_DEBUG_INFO = NO;
				MTL_FAST_MATH = YES;
				SDKROOT = iphoneos;
				SWIFT_COMPILATION_MODE = wholemodule;
				SWIFT_OPTIMIZATION_LEVEL = "-O";
				VALIDATE_PRODUCT = YES;
			};
			name = Release;
		};
		780C30532802E4A800250B5D /* Debug */ = {
			isa = XCBuildConfiguration;
			buildSettings = {
				ASSETCATALOG_COMPILER_APPICON_NAME = AppIcon;
				ASSETCATALOG_COMPILER_GLOBAL_ACCENT_COLOR_NAME = AccentColor;
				CODE_SIGN_STYLE = Automatic;
				CURRENT_PROJECT_VERSION = 1;
				DEVELOPMENT_TEAM = K5L7239SK4;
				GENERATE_INFOPLIST_FILE = YES;
				INFOPLIST_FILE = AppCleanSwift/App/Info.plist;
				INFOPLIST_KEY_UIApplicationSupportsIndirectInputEvents = YES;
				INFOPLIST_KEY_UILaunchStoryboardName = LaunchScreen;
				INFOPLIST_KEY_UIMainStoryboardFile = Main;
				INFOPLIST_KEY_UISupportedInterfaceOrientations_iPad = "UIInterfaceOrientationPortrait UIInterfaceOrientationPortraitUpsideDown UIInterfaceOrientationLandscapeLeft UIInterfaceOrientationLandscapeRight";
				INFOPLIST_KEY_UISupportedInterfaceOrientations_iPhone = "UIInterfaceOrientationPortrait UIInterfaceOrientationLandscapeLeft UIInterfaceOrientationLandscapeRight";
				LD_RUNPATH_SEARCH_PATHS = (
					"$(inherited)",
					"@executable_path/Frameworks",
				);
				MARKETING_VERSION = 1.0;
				PRODUCT_BUNDLE_IDENTIFIER = lexemz.AppCleanSwift;
				PRODUCT_NAME = "$(TARGET_NAME)";
				SWIFT_EMIT_LOC_STRINGS = YES;
				SWIFT_VERSION = 5.0;
				TARGETED_DEVICE_FAMILY = "1,2";
			};
			name = Debug;
		};
		780C30542802E4A800250B5D /* Release */ = {
			isa = XCBuildConfiguration;
			buildSettings = {
				ASSETCATALOG_COMPILER_APPICON_NAME = AppIcon;
				ASSETCATALOG_COMPILER_GLOBAL_ACCENT_COLOR_NAME = AccentColor;
				CODE_SIGN_STYLE = Automatic;
				CURRENT_PROJECT_VERSION = 1;
				DEVELOPMENT_TEAM = K5L7239SK4;
				GENERATE_INFOPLIST_FILE = YES;
				INFOPLIST_FILE = AppCleanSwift/App/Info.plist;
				INFOPLIST_KEY_UIApplicationSupportsIndirectInputEvents = YES;
				INFOPLIST_KEY_UILaunchStoryboardName = LaunchScreen;
				INFOPLIST_KEY_UIMainStoryboardFile = Main;
				INFOPLIST_KEY_UISupportedInterfaceOrientations_iPad = "UIInterfaceOrientationPortrait UIInterfaceOrientationPortraitUpsideDown UIInterfaceOrientationLandscapeLeft UIInterfaceOrientationLandscapeRight";
				INFOPLIST_KEY_UISupportedInterfaceOrientations_iPhone = "UIInterfaceOrientationPortrait UIInterfaceOrientationLandscapeLeft UIInterfaceOrientationLandscapeRight";
				LD_RUNPATH_SEARCH_PATHS = (
					"$(inherited)",
					"@executable_path/Frameworks",
				);
				MARKETING_VERSION = 1.0;
				PRODUCT_BUNDLE_IDENTIFIER = lexemz.AppCleanSwift;
				PRODUCT_NAME = "$(TARGET_NAME)";
				SWIFT_EMIT_LOC_STRINGS = YES;
				SWIFT_VERSION = 5.0;
				TARGETED_DEVICE_FAMILY = "1,2";
			};
			name = Release;
		};
/* End XCBuildConfiguration section */

/* Begin XCConfigurationList section */
		780C30392802E4A600250B5D /* Build configuration list for PBXProject "AppCleanSwift" */ = {
			isa = XCConfigurationList;
			buildConfigurations = (
				780C30502802E4A800250B5D /* Debug */,
				780C30512802E4A800250B5D /* Release */,
			);
			defaultConfigurationIsVisible = 0;
			defaultConfigurationName = Release;
		};
		780C30522802E4A800250B5D /* Build configuration list for PBXNativeTarget "AppCleanSwift" */ = {
			isa = XCConfigurationList;
			buildConfigurations = (
				780C30532802E4A800250B5D /* Debug */,
				780C30542802E4A800250B5D /* Release */,
			);
			defaultConfigurationIsVisible = 0;
			defaultConfigurationName = Release;
		};
/* End XCConfigurationList section */
	};
	rootObject = 780C30362802E4A600250B5D /* Project object */;
}
